
Microsoft Visual Studio Solution File, Format Version 12.00
# Visual Studio Version 16
VisualStudioVersion = 16.0.33927.289
MinimumVisualStudioVersion = 10.0.40219.1
Project("{2150E333-8FDC-42A3-9474-1A3956D46DE8}") = "Task0", "Task0", "{13DC9B58-DAD8-4849-9B53-D4C54A796750}"
EndProject
Project("{FAE04EC0-301F-11D3-BF4B-00C04F79EFBC}") = "Tyuiu.BakhtiyarovDR.Sprint2.Task0.V11", "Tyuiu.BakhtiyarovDR.Sprint2.Task0.V11\Tyuiu.BakhtiyarovDR.Sprint2.Task0.V11.csproj", "{C6F83720-DD33-44EE-8148-ADC63BD83B5C}"
EndProject
Project("{FAE04EC0-301F-11D3-BF4B-00C04F79EFBC}") = "Tyuiu.BakhtiyarovDR.Sprint2.Task0.V11.Lib", "Tyuiu.BakhtiyarovDR.Sprint2.Task0.V11.Lib\Tyuiu.BakhtiyarovDR.Sprint2.Task0.V11.Lib.csproj", "{29240A1B-57F1-4449-9BC1-85817C6FA812}"
EndProject
Project("{FAE04EC0-301F-11D3-BF4B-00C04F79EFBC}") = "Tyuiu.BakhtiyarovDR.Sprint2.Task0.V11.Test", "Tyuiu.BakhtiyarovDR.Sprint2.Task0.V11.Test\Tyuiu.BakhtiyarovDR.Sprint2.Task0.V11.Test.csproj", "{47911CED-3B5C-4A85-BC3E-5DD938AE8CB3}"
EndProject
Project("{2150E333-8FDC-42A3-9474-1A3956D46DE8}") = "Task1", "Task1", "{3C35381B-0FD9-47B1-9FF7-F1AEF3569D15}"
EndProject
Project("{FAE04EC0-301F-11D3-BF4B-00C04F79EFBC}") = "Tyuiu.BakhtiyarovDR.Sprint2.Task1.V15", "Tyuiu.BakhtiyarovDR.Sprint2.Task1.V15\Tyuiu.BakhtiyarovDR.Sprint2.Task1.V15.csproj", "{7F7E4F8C-AA18-4553-987F-B13656796830}"
EndProject
Project("{FAE04EC0-301F-11D3-BF4B-00C04F79EFBC}") = "Tyuiu.BakhtiyarovDR.Sprint2.Task1.V15.Lib", "Tyuiu.BakhtiyarovDR.Sprint2.Task1.V15.Lib\Tyuiu.BakhtiyarovDR.Sprint2.Task1.V15.Lib.csproj", "{66635A8C-3E14-4AE0-B00A-CF8075363674}"
EndProject
Project("{FAE04EC0-301F-11D3-BF4B-00C04F79EFBC}") = "Tyuiu.BakhtiyarovDR.Sprint2.Task1.V15.Test", "Tyuiu.BakhtiyarovDR.Sprint2.Task1.V15.Test\Tyuiu.BakhtiyarovDR.Sprint2.Task1.V15.Test.csproj", "{6C170B2C-991D-49E8-9EA1-6355A94FD92D}"
EndProject
Project("{2150E333-8FDC-42A3-9474-1A3956D46DE8}") = "Task2", "Task2", "{F665B80F-58C7-472D-8161-ABF5F0EADBEF}"
EndProject
Project("{FAE04EC0-301F-11D3-BF4B-00C04F79EFBC}") = "Tyuiu.BakhtiyarovDR.Sprint2.Task2.V14", "Tyuiu.BakhtiyarovDR.Sprint2.Task2.V14\Tyuiu.BakhtiyarovDR.Sprint2.Task2.V14.csproj", "{296770B1-87EA-4652-AFF4-310A3719587F}"
EndProject
Project("{FAE04EC0-301F-11D3-BF4B-00C04F79EFBC}") = "Tyuiu.BakhtiyarovDR.Sprint2.Task2.V14.Lib", "Tyuiu.BakhtiyarovDR.Sprint2.Task2.V14.Lib\Tyuiu.BakhtiyarovDR.Sprint2.Task2.V14.Lib.csproj", "{431C2FC5-B0B8-4C17-ABFD-C77E5187E662}"
EndProject
Project("{FAE04EC0-301F-11D3-BF4B-00C04F79EFBC}") = "Tyuiu.BakhtiyarovDR.Sprint2.Task2.V14.Test", "Tyuiu.BakhtiyarovDR.Sprint2.Task2.V14.Test\Tyuiu.BakhtiyarovDR.Sprint2.Task2.V14.Test.csproj", "{5453B1CA-1F90-45AF-92A2-5A5DBE266D0A}"
EndProject
Project("{2150E333-8FDC-42A3-9474-1A3956D46DE8}") = "Task3", "Task3", "{AB3A0133-0686-46FD-943D-4BC107B7B8B5}"
EndProject
Project("{FAE04EC0-301F-11D3-BF4B-00C04F79EFBC}") = "Tyuiu.BakhtiyarovDR.Sprint2.Task3.V5", "Tyuiu.BakhtiyarovDR.Sprint2.Task3.V5\Tyuiu.BakhtiyarovDR.Sprint2.Task3.V5.csproj", "{6C8617BD-9B0E-447F-84A7-2DD98F06754F}"
EndProject
Project("{FAE04EC0-301F-11D3-BF4B-00C04F79EFBC}") = "Tyuiu.BakhtiyarovDR.Sprint2.Task3.V5.Lib", "Tyuiu.BakhtiyarovDR.Sprint2.Task3.V5.Lib\Tyuiu.BakhtiyarovDR.Sprint2.Task3.V5.Lib.csproj", "{D091ECEC-9E6E-429E-9F68-77F9325CBDC6}"
EndProject
Project("{FAE04EC0-301F-11D3-BF4B-00C04F79EFBC}") = "Tyuiu.BakhtiyarovDR.Sprint2.Task3.V5.Test", "Tyuiu.BakhtiyarovDR.Sprint2.Task3.V5.Test\Tyuiu.BakhtiyarovDR.Sprint2.Task3.V5.Test.csproj", "{C7A2C6D5-43FE-4FC1-8A27-1611799C0B38}"
EndProject
Project("{2150E333-8FDC-42A3-9474-1A3956D46DE8}") = "Task4", "Task4", "{E0527CE9-6102-4C75-AC40-C5FE7391A897}"
EndProject
Project("{FAE04EC0-301F-11D3-BF4B-00C04F79EFBC}") = "Tyuiu.BakhtiyarovDR.Sprint2.Task4.V9", "Tyuiu.BakhtiyarovDR.Sprint2.Task4.V9\Tyuiu.BakhtiyarovDR.Sprint2.Task4.V9.csproj", "{4B42D2DB-174B-4BFE-BD2F-D3396E1FBE95}"
EndProject
Project("{FAE04EC0-301F-11D3-BF4B-00C04F79EFBC}") = "Tyuiu.BakhtiyarovDR.Sprint2.Task4.V9.Lib", "Tyuiu.BakhtiyarovDR.Sprint2.Task4.V9.Lib\Tyuiu.BakhtiyarovDR.Sprint2.Task4.V9.Lib.csproj", "{60837292-064C-4A4E-B100-55DAB57B446A}"
EndProject
Project("{FAE04EC0-301F-11D3-BF4B-00C04F79EFBC}") = "Tyuiu.BakhtiyarovDR.Sprint2.Task4.V9.Test", "Tyuiu.BakhtiyarovDR.Sprint2.Task4.V9.Test\Tyuiu.BakhtiyarovDR.Sprint2.Task4.V9.Test.csproj", "{DBCF6602-A09E-4D28-A007-8533BF629655}"
EndProject
Project("{2150E333-8FDC-42A3-9474-1A3956D46DE8}") = "Task5", "Task5", "{76466FE9-DD21-441F-87B6-4E75EE6ACF0F}"
EndProject
Project("{FAE04EC0-301F-11D3-BF4B-00C04F79EFBC}") = "Tyuiu.BakhtiyarovDR.Sprint2.Task5.V14", "Tyuiu.BakhtiyarovDR.Sprint2.Task5.V14\Tyuiu.BakhtiyarovDR.Sprint2.Task5.V14.csproj", "{B1274A65-B0C1-4106-8D57-268850A3483A}"
EndProject
Project("{FAE04EC0-301F-11D3-BF4B-00C04F79EFBC}") = "Tyuiu.BakhtiyarovDR.Sprint2.Task5.V14.Lib", "Tyuiu.BakhtiyarovDR.Sprint2.Task5.V14.Lib\Tyuiu.BakhtiyarovDR.Sprint2.Task5.V14.Lib.csproj", "{A6B4FADF-781F-4CAD-94C7-2A01400A742F}"
EndProject
Project("{FAE04EC0-301F-11D3-BF4B-00C04F79EFBC}") = "Tyuiu.BakhtiyarovDR.Sprint2.Task5.V14.Test", "Tyuiu.BakhtiyarovDR.Sprint2.Task5.V14.Test\Tyuiu.BakhtiyarovDR.Sprint2.Task5.V14.Test.csproj", "{8A68EF98-F29A-4C2D-8BD1-27DAC6EA7228}"
EndProject
Project("{2150E333-8FDC-42A3-9474-1A3956D46DE8}") = "Task6", "Task6", "{0E6FC7AA-9AC1-49A4-99B2-290467AE9320}"
EndProject
Project("{FAE04EC0-301F-11D3-BF4B-00C04F79EFBC}") = "Tyuiu.BakhtiyarovDR.Sprint2.Task6.V15", "Tyuiu.BakhtiyarovDR.Sprint2.Task6.V15\Tyuiu.BakhtiyarovDR.Sprint2.Task6.V15.csproj", "{744A0084-2A25-47C6-B594-EE16E44358AD}"
EndProject
Project("{FAE04EC0-301F-11D3-BF4B-00C04F79EFBC}") = "Tyuiu.BakhtiyarovDR.Sprint2.Task6.V15.Lib", "Tyuiu.BakhtiyarovDR.Sprint2.Task6.V15.Lib\Tyuiu.BakhtiyarovDR.Sprint2.Task6.V15.Lib.csproj", "{B8F3D91B-9534-4ED3-BBF8-65CA4575126A}"
EndProject
Project("{FAE04EC0-301F-11D3-BF4B-00C04F79EFBC}") = "Tyuiu.BakhtiyarovDR.Sprint2.Task6.V15.Test", "Tyuiu.BakhtiyarovDR.Sprint2.Task6.V15.Test\Tyuiu.BakhtiyarovDR.Sprint2.Task6.V15.Test.csproj", "{552B271E-2E3A-458E-9AB9-C0D72D66044A}"
EndProject
Project("{2150E333-8FDC-42A3-9474-1A3956D46DE8}") = "Task7", "Task7", "{27DFB76E-A67A-4AE7-BE7F-1ECB7AD6CF4B}"
EndProject
Project("{FAE04EC0-301F-11D3-BF4B-00C04F79EFBC}") = "Tyuiu.BakhtiyarovDR.Sprint2.Task7.V1", "Tyuiu.BakhtiyarovDR.Sprint2.Task7.V1\Tyuiu.BakhtiyarovDR.Sprint2.Task7.V1.csproj", "{3B5BF287-F2C0-4AE1-A3AF-8210EEED33B4}"
EndProject
Project("{FAE04EC0-301F-11D3-BF4B-00C04F79EFBC}") = "Tyuiu.BakhtiyarovDR.Sprint2.Task7.V1.Lib", "Tyuiu.BakhtiyarovDR.Sprint2.Task7.V1.Lib\Tyuiu.BakhtiyarovDR.Sprint2.Task7.V1.Lib.csproj", "{3C4C3A0D-B96A-4E77-BECA-F435C35C7CBE}"
EndProject
Project("{FAE04EC0-301F-11D3-BF4B-00C04F79EFBC}") = "Tyuiu.BakhtiyarovDR.Sprint2.Task7.V1.Test", "Tyuiu.BakhtiyarovDR.Sprint2.Task7.V1.Test\Tyuiu.BakhtiyarovDR.Sprint2.Task7.V1.Test.csproj", "{E731E2B7-5BCF-4E6A-B237-F4A425861E2E}"
EndProject
Global
	GlobalSection(SolutionConfigurationPlatforms) = preSolution
		Debug|Any CPU = Debug|Any CPU
		Release|Any CPU = Release|Any CPU
	EndGlobalSection
	GlobalSection(ProjectConfigurationPlatforms) = postSolution
		{C6F83720-DD33-44EE-8148-ADC63BD83B5C}.Debug|Any CPU.ActiveCfg = Debug|Any CPU
		{C6F83720-DD33-44EE-8148-ADC63BD83B5C}.Debug|Any CPU.Build.0 = Debug|Any CPU
		{C6F83720-DD33-44EE-8148-ADC63BD83B5C}.Release|Any CPU.ActiveCfg = Release|Any CPU
		{C6F83720-DD33-44EE-8148-ADC63BD83B5C}.Release|Any CPU.Build.0 = Release|Any CPU
		{29240A1B-57F1-4449-9BC1-85817C6FA812}.Debug|Any CPU.ActiveCfg = Debug|Any CPU
		{29240A1B-57F1-4449-9BC1-85817C6FA812}.Debug|Any CPU.Build.0 = Debug|Any CPU
		{29240A1B-57F1-4449-9BC1-85817C6FA812}.Release|Any CPU.ActiveCfg = Release|Any CPU
		{29240A1B-57F1-4449-9BC1-85817C6FA812}.Release|Any CPU.Build.0 = Release|Any CPU
		{47911CED-3B5C-4A85-BC3E-5DD938AE8CB3}.Debug|Any CPU.ActiveCfg = Debug|Any CPU
		{47911CED-3B5C-4A85-BC3E-5DD938AE8CB3}.Debug|Any CPU.Build.0 = Debug|Any CPU
		{47911CED-3B5C-4A85-BC3E-5DD938AE8CB3}.Release|Any CPU.ActiveCfg = Release|Any CPU
		{47911CED-3B5C-4A85-BC3E-5DD938AE8CB3}.Release|Any CPU.Build.0 = Release|Any CPU
		{7F7E4F8C-AA18-4553-987F-B13656796830}.Debug|Any CPU.ActiveCfg = Debug|Any CPU
		{7F7E4F8C-AA18-4553-987F-B13656796830}.Debug|Any CPU.Build.0 = Debug|Any CPU
		{7F7E4F8C-AA18-4553-987F-B13656796830}.Release|Any CPU.ActiveCfg = Release|Any CPU
		{7F7E4F8C-AA18-4553-987F-B13656796830}.Release|Any CPU.Build.0 = Release|Any CPU
		{66635A8C-3E14-4AE0-B00A-CF8075363674}.Debug|Any CPU.ActiveCfg = Debug|Any CPU
		{66635A8C-3E14-4AE0-B00A-CF8075363674}.Debug|Any CPU.Build.0 = Debug|Any CPU
		{66635A8C-3E14-4AE0-B00A-CF8075363674}.Release|Any CPU.ActiveCfg = Release|Any CPU
		{66635A8C-3E14-4AE0-B00A-CF8075363674}.Release|Any CPU.Build.0 = Release|Any CPU
		{6C170B2C-991D-49E8-9EA1-6355A94FD92D}.Debug|Any CPU.ActiveCfg = Debug|Any CPU
		{6C170B2C-991D-49E8-9EA1-6355A94FD92D}.Debug|Any CPU.Build.0 = Debug|Any CPU
		{6C170B2C-991D-49E8-9EA1-6355A94FD92D}.Release|Any CPU.ActiveCfg = Release|Any CPU
		{6C170B2C-991D-49E8-9EA1-6355A94FD92D}.Release|Any CPU.Build.0 = Release|Any CPU
		{296770B1-87EA-4652-AFF4-310A3719587F}.Debug|Any CPU.ActiveCfg = Debug|Any CPU
		{296770B1-87EA-4652-AFF4-310A3719587F}.Debug|Any CPU.Build.0 = Debug|Any CPU
		{296770B1-87EA-4652-AFF4-310A3719587F}.Release|Any CPU.ActiveCfg = Release|Any CPU
		{296770B1-87EA-4652-AFF4-310A3719587F}.Release|Any CPU.Build.0 = Release|Any CPU
		{431C2FC5-B0B8-4C17-ABFD-C77E5187E662}.Debug|Any CPU.ActiveCfg = Debug|Any CPU
		{431C2FC5-B0B8-4C17-ABFD-C77E5187E662}.Debug|Any CPU.Build.0 = Debug|Any CPU
		{431C2FC5-B0B8-4C17-ABFD-C77E5187E662}.Release|Any CPU.ActiveCfg = Release|Any CPU
		{431C2FC5-B0B8-4C17-ABFD-C77E5187E662}.Release|Any CPU.Build.0 = Release|Any CPU
		{5453B1CA-1F90-45AF-92A2-5A5DBE266D0A}.Debug|Any CPU.ActiveCfg = Debug|Any CPU
		{5453B1CA-1F90-45AF-92A2-5A5DBE266D0A}.Debug|Any CPU.Build.0 = Debug|Any CPU
		{5453B1CA-1F90-45AF-92A2-5A5DBE266D0A}.Release|Any CPU.ActiveCfg = Release|Any CPU
		{5453B1CA-1F90-45AF-92A2-5A5DBE266D0A}.Release|Any CPU.Build.0 = Release|Any CPU
		{6C8617BD-9B0E-447F-84A7-2DD98F06754F}.Debug|Any CPU.ActiveCfg = Debug|Any CPU
		{6C8617BD-9B0E-447F-84A7-2DD98F06754F}.Debug|Any CPU.Build.0 = Debug|Any CPU
		{6C8617BD-9B0E-447F-84A7-2DD98F06754F}.Release|Any CPU.ActiveCfg = Release|Any CPU
		{6C8617BD-9B0E-447F-84A7-2DD98F06754F}.Release|Any CPU.Build.0 = Release|Any CPU
		{D091ECEC-9E6E-429E-9F68-77F9325CBDC6}.Debug|Any CPU.ActiveCfg = Debug|Any CPU
		{D091ECEC-9E6E-429E-9F68-77F9325CBDC6}.Debug|Any CPU.Build.0 = Debug|Any CPU
		{D091ECEC-9E6E-429E-9F68-77F9325CBDC6}.Release|Any CPU.ActiveCfg = Release|Any CPU
		{D091ECEC-9E6E-429E-9F68-77F9325CBDC6}.Release|Any CPU.Build.0 = Release|Any CPU
		{C7A2C6D5-43FE-4FC1-8A27-1611799C0B38}.Debug|Any CPU.ActiveCfg = Debug|Any CPU
		{C7A2C6D5-43FE-4FC1-8A27-1611799C0B38}.Debug|Any CPU.Build.0 = Debug|Any CPU
		{C7A2C6D5-43FE-4FC1-8A27-1611799C0B38}.Release|Any CPU.ActiveCfg = Release|Any CPU
		{C7A2C6D5-43FE-4FC1-8A27-1611799C0B38}.Release|Any CPU.Build.0 = Release|Any CPU
		{4B42D2DB-174B-4BFE-BD2F-D3396E1FBE95}.Debug|Any CPU.ActiveCfg = Debug|Any CPU
		{4B42D2DB-174B-4BFE-BD2F-D3396E1FBE95}.Debug|Any CPU.Build.0 = Debug|Any CPU
		{4B42D2DB-174B-4BFE-BD2F-D3396E1FBE95}.Release|Any CPU.ActiveCfg = Release|Any CPU
		{4B42D2DB-174B-4BFE-BD2F-D3396E1FBE95}.Release|Any CPU.Build.0 = Release|Any CPU
		{60837292-064C-4A4E-B100-55DAB57B446A}.Debug|Any CPU.ActiveCfg = Debug|Any CPU
		{60837292-064C-4A4E-B100-55DAB57B446A}.Debug|Any CPU.Build.0 = Debug|Any CPU
		{60837292-064C-4A4E-B100-55DAB57B446A}.Release|Any CPU.ActiveCfg = Release|Any CPU
		{60837292-064C-4A4E-B100-55DAB57B446A}.Release|Any CPU.Build.0 = Release|Any CPU
		{DBCF6602-A09E-4D28-A007-8533BF629655}.Debug|Any CPU.ActiveCfg = Debug|Any CPU
		{DBCF6602-A09E-4D28-A007-8533BF629655}.Debug|Any CPU.Build.0 = Debug|Any CPU
		{DBCF6602-A09E-4D28-A007-8533BF629655}.Release|Any CPU.ActiveCfg = Release|Any CPU
		{DBCF6602-A09E-4D28-A007-8533BF629655}.Release|Any CPU.Build.0 = Release|Any CPU
		{B1274A65-B0C1-4106-8D57-268850A3483A}.Debug|Any CPU.ActiveCfg = Debug|Any CPU
		{B1274A65-B0C1-4106-8D57-268850A3483A}.Debug|Any CPU.Build.0 = Debug|Any CPU
		{B1274A65-B0C1-4106-8D57-268850A3483A}.Release|Any CPU.ActiveCfg = Release|Any CPU
		{B1274A65-B0C1-4106-8D57-268850A3483A}.Release|Any CPU.Build.0 = Release|Any CPU
		{A6B4FADF-781F-4CAD-94C7-2A01400A742F}.Debug|Any CPU.ActiveCfg = Debug|Any CPU
		{A6B4FADF-781F-4CAD-94C7-2A01400A742F}.Debug|Any CPU.Build.0 = Debug|Any CPU
		{A6B4FADF-781F-4CAD-94C7-2A01400A742F}.Release|Any CPU.ActiveCfg = Release|Any CPU
		{A6B4FADF-781F-4CAD-94C7-2A01400A742F}.Release|Any CPU.Build.0 = Release|Any CPU
		{8A68EF98-F29A-4C2D-8BD1-27DAC6EA7228}.Debug|Any CPU.ActiveCfg = Debug|Any CPU
		{8A68EF98-F29A-4C2D-8BD1-27DAC6EA7228}.Debug|Any CPU.Build.0 = Debug|Any CPU
		{8A68EF98-F29A-4C2D-8BD1-27DAC6EA7228}.Release|Any CPU.ActiveCfg = Release|Any CPU
		{8A68EF98-F29A-4C2D-8BD1-27DAC6EA7228}.Release|Any CPU.Build.0 = Release|Any CPU
		{744A0084-2A25-47C6-B594-EE16E44358AD}.Debug|Any CPU.ActiveCfg = Debug|Any CPU
		{744A0084-2A25-47C6-B594-EE16E44358AD}.Debug|Any CPU.Build.0 = Debug|Any CPU
		{744A0084-2A25-47C6-B594-EE16E44358AD}.Release|Any CPU.ActiveCfg = Release|Any CPU
		{744A0084-2A25-47C6-B594-EE16E44358AD}.Release|Any CPU.Build.0 = Release|Any CPU
		{B8F3D91B-9534-4ED3-BBF8-65CA4575126A}.Debug|Any CPU.ActiveCfg = Debug|Any CPU
		{B8F3D91B-9534-4ED3-BBF8-65CA4575126A}.Debug|Any CPU.Build.0 = Debug|Any CPU
		{B8F3D91B-9534-4ED3-BBF8-65CA4575126A}.Release|Any CPU.ActiveCfg = Release|Any CPU
		{B8F3D91B-9534-4ED3-BBF8-65CA4575126A}.Release|Any CPU.Build.0 = Release|Any CPU
		{552B271E-2E3A-458E-9AB9-C0D72D66044A}.Debug|Any CPU.ActiveCfg = Debug|Any CPU
		{552B271E-2E3A-458E-9AB9-C0D72D66044A}.Debug|Any CPU.Build.0 = Debug|Any CPU
		{552B271E-2E3A-458E-9AB9-C0D72D66044A}.Release|Any CPU.ActiveCfg = Release|Any CPU
		{552B271E-2E3A-458E-9AB9-C0D72D66044A}.Release|Any CPU.Build.0 = Release|Any CPU
		{3B5BF287-F2C0-4AE1-A3AF-8210EEED33B4}.Debug|Any CPU.ActiveCfg = Debug|Any CPU
		{3B5BF287-F2C0-4AE1-A3AF-8210EEED33B4}.Debug|Any CPU.Build.0 = Debug|Any CPU
		{3B5BF287-F2C0-4AE1-A3AF-8210EEED33B4}.Release|Any CPU.ActiveCfg = Release|Any CPU
		{3B5BF287-F2C0-4AE1-A3AF-8210EEED33B4}.Release|Any CPU.Build.0 = Release|Any CPU
		{3C4C3A0D-B96A-4E77-BECA-F435C35C7CBE}.Debug|Any CPU.ActiveCfg = Debug|Any CPU
		{3C4C3A0D-B96A-4E77-BECA-F435C35C7CBE}.Debug|Any CPU.Build.0 = Debug|Any CPU
		{3C4C3A0D-B96A-4E77-BECA-F435C35C7CBE}.Release|Any CPU.ActiveCfg = Release|Any CPU
		{3C4C3A0D-B96A-4E77-BECA-F435C35C7CBE}.Release|Any CPU.Build.0 = Release|Any CPU
		{E731E2B7-5BCF-4E6A-B237-F4A425861E2E}.Debug|Any CPU.ActiveCfg = Debug|Any CPU
		{E731E2B7-5BCF-4E6A-B237-F4A425861E2E}.Debug|Any CPU.Build.0 = Debug|Any CPU
		{E731E2B7-5BCF-4E6A-B237-F4A425861E2E}.Release|Any CPU.ActiveCfg = Release|Any CPU
		{E731E2B7-5BCF-4E6A-B237-F4A425861E2E}.Release|Any CPU.Build.0 = Release|Any CPU
	EndGlobalSection
	GlobalSection(SolutionProperties) = preSolution
		HideSolutionNode = FALSE
	EndGlobalSection
	GlobalSection(NestedProjects) = preSolution
		{C6F83720-DD33-44EE-8148-ADC63BD83B5C} = {13DC9B58-DAD8-4849-9B53-D4C54A796750}
		{29240A1B-57F1-4449-9BC1-85817C6FA812} = {13DC9B58-DAD8-4849-9B53-D4C54A796750}
		{47911CED-3B5C-4A85-BC3E-5DD938AE8CB3} = {13DC9B58-DAD8-4849-9B53-D4C54A796750}
		{7F7E4F8C-AA18-4553-987F-B13656796830} = {3C35381B-0FD9-47B1-9FF7-F1AEF3569D15}
		{66635A8C-3E14-4AE0-B00A-CF8075363674} = {3C35381B-0FD9-47B1-9FF7-F1AEF3569D15}
		{6C170B2C-991D-49E8-9EA1-6355A94FD92D} = {3C35381B-0FD9-47B1-9FF7-F1AEF3569D15}
		{296770B1-87EA-4652-AFF4-310A3719587F} = {F665B80F-58C7-472D-8161-ABF5F0EADBEF}
		{431C2FC5-B0B8-4C17-ABFD-C77E5187E662} = {F665B80F-58C7-472D-8161-ABF5F0EADBEF}
		{5453B1CA-1F90-45AF-92A2-5A5DBE266D0A} = {F665B80F-58C7-472D-8161-ABF5F0EADBEF}
		{6C8617BD-9B0E-447F-84A7-2DD98F06754F} = {AB3A0133-0686-46FD-943D-4BC107B7B8B5}
		{D091ECEC-9E6E-429E-9F68-77F9325CBDC6} = {AB3A0133-0686-46FD-943D-4BC107B7B8B5}
		{C7A2C6D5-43FE-4FC1-8A27-1611799C0B38} = {AB3A0133-0686-46FD-943D-4BC107B7B8B5}
		{4B42D2DB-174B-4BFE-BD2F-D3396E1FBE95} = {E0527CE9-6102-4C75-AC40-C5FE7391A897}
		{60837292-064C-4A4E-B100-55DAB57B446A} = {E0527CE9-6102-4C75-AC40-C5FE7391A897}
		{DBCF6602-A09E-4D28-A007-8533BF629655} = {E0527CE9-6102-4C75-AC40-C5FE7391A897}
		{B1274A65-B0C1-4106-8D57-268850A3483A} = {76466FE9-DD21-441F-87B6-4E75EE6ACF0F}
		{A6B4FADF-781F-4CAD-94C7-2A01400A742F} = {76466FE9-DD21-441F-87B6-4E75EE6ACF0F}
		{8A68EF98-F29A-4C2D-8BD1-27DAC6EA7228} = {76466FE9-DD21-441F-87B6-4E75EE6ACF0F}
		{744A0084-2A25-47C6-B594-EE16E44358AD} = {0E6FC7AA-9AC1-49A4-99B2-290467AE9320}
		{B8F3D91B-9534-4ED3-BBF8-65CA4575126A} = {0E6FC7AA-9AC1-49A4-99B2-290467AE9320}
		{552B271E-2E3A-458E-9AB9-C0D72D66044A} = {0E6FC7AA-9AC1-49A4-99B2-290467AE9320}
		{3B5BF287-F2C0-4AE1-A3AF-8210EEED33B4} = {27DFB76E-A67A-4AE7-BE7F-1ECB7AD6CF4B}
		{3C4C3A0D-B96A-4E77-BECA-F435C35C7CBE} = {27DFB76E-A67A-4AE7-BE7F-1ECB7AD6CF4B}
		{E731E2B7-5BCF-4E6A-B237-F4A425861E2E} = {27DFB76E-A67A-4AE7-BE7F-1ECB7AD6CF4B}
	EndGlobalSection
	GlobalSection(ExtensibilityGlobals) = postSolution
		SolutionGuid = {59873B24-FFF5-40C9-8F2C-E9846D3F5F3C}
	EndGlobalSection
EndGlobal
